// !$*UTF8*$!
{
	archiveVersion = 1;
	classes = {
	};
	objectVersion = 77;
	objects = {

/* Begin PBXContainerItemProxy section */
		D511797D2EF58C6C001DF19E /* PBXContainerItemProxy */ = {
			isa = PBXContainerItemProxy;
			containerPortal = D51179672EF58C6A001DF19E /* Project object */;
			proxyType = 1;
			remoteGlobalIDString = D511796E2EF58C6A001DF19E;
			remoteInfo = RaceRadar;
		};
		D51179872EF58C6C001DF19E /* PBXContainerItemProxy */ = {
			isa = PBXContainerItemProxy;
			containerPortal = D51179672EF58C6A001DF19E /* Project object */;
			proxyType = 1;
			remoteGlobalIDString = D511796E2EF58C6A001DF19E;
			remoteInfo = RaceRadar;
		};
/* End PBXContainerItemProxy section */

/* Begin PBXFileReference section */
		D511796F2EF58C6A001DF19E /* RaceRadar.app */ = {isa = PBXFileReference; explicitFileType = wrapper.application; includeInIndex = 0; path = RaceRadar.app; sourceTree = BUILT_PRODUCTS_DIR; };
		D511797C2EF58C6C001DF19E /* RaceRadarTests.xctest */ = {isa = PBXFileReference; explicitFileType = wrapper.cfbundle; includeInIndex = 0; path = RaceRadarTests.xctest; sourceTree = BUILT_PRODUCTS_DIR; };
		D51179862EF58C6C001DF19E /* RaceRadarUITests.xctest */ = {isa = PBXFileReference; explicitFileType = wrapper.cfbundle; includeInIndex = 0; path = RaceRadarUITests.xctest; sourceTree = BUILT_PRODUCTS_DIR; };
/* End PBXFileReference section */

/* Begin PBXFileSystemSynchronizedRootGroup section */
		D51179712EF58C6A001DF19E /* RaceRadar */ = {
			isa = PBXFileSystemSynchronizedRootGroup;
			path = RaceRadar;
			sourceTree = "<group>";
		};
		D511797F2EF58C6C001DF19E /* RaceRadarTests */ = {
			isa = PBXFileSystemSynchronizedRootGroup;
			path = RaceRadarTests;
			sourceTree = "<group>";
		};
		D51179892EF58C6C001DF19E /* RaceRadarUITests */ = {
			isa = PBXFileSystemSynchronizedRootGroup;
			path = RaceRadarUITests;
			sourceTree = "<group>";
		};
/* End PBXFileSystemSynchronizedRootGroup section */

/* Begin PBXFrameworksBuildPhase section */
		D511796C2EF58C6A001DF19E /* Frameworks */ = {
			isa = PBXFrameworksBuildPhase;
			buildActionMask = 2147483647;
			files = (
			);
			runOnlyForDeploymentPostprocessing = 0;
		};
		D51179792EF58C6C001DF19E /* Frameworks */ = {
			isa = PBXFrameworksBuildPhase;
			buildActionMask = 2147483647;
			files = (
			);
			runOnlyForDeploymentPostprocessing = 0;
		};
		D51179832EF58C6C001DF19E /* Frameworks */ = {
			isa = PBXFrameworksBuildPhase;
			buildActionMask = 2147483647;
			files = (
			);
			runOnlyForDeploymentPostprocessing = 0;
		};
/* End PBXFrameworksBuildPhase section */

/* Begin PBXGroup section */
		D51179662EF58C6A001DF19E = {
			isa = PBXGroup;
			children = (
				D51179712EF58C6A001DF19E /* RaceRadar */,
				D511797F2EF58C6C001DF19E /* RaceRadarTests */,
				D51179892EF58C6C001DF19E /* RaceRadarUITests */,
				D51179702EF58C6A001DF19E /* Products */,
			);
			sourceTree = "<group>";
		};
		D51179702EF58C6A001DF19E /* Products */ = {
			isa = PBXGroup;
			children = (
				D511796F2EF58C6A001DF19E /* RaceRadar.app */,
				D511797C2EF58C6C001DF19E /* RaceRadarTests.xctest */,
				D51179862EF58C6C001DF19E /* RaceRadarUITests.xctest */,
			);
			name = Products;
			sourceTree = "<group>";
		};
/* End PBXGroup section */

/* Begin PBXNativeTarget section */
		D511796E2EF58C6A001DF19E /* RaceRadar */ = {
			isa = PBXNativeTarget;
			buildConfigurationList = D51179902EF58C6C001DF19E /* Build configuration list for PBXNativeTarget "RaceRadar" */;
			buildPhases = (
				D511796B2EF58C6A001DF19E /* Sources */,
				D511796C2EF58C6A001DF19E /* Frameworks */,
				D511796D2EF58C6A001DF19E /* Resources */,
			);
			buildRules = (
			);
			dependencies = (
			);
			fileSystemSynchronizedGroups = (
				D51179712EF58C6A001DF19E /* RaceRadar */,
			);
			name = RaceRadar;
			packageProductDependencies = (
			);
			productName = RaceRadar;
			productReference = D511796F2EF58C6A001DF19E /* RaceRadar.app */;
			productType = "com.apple.product-type.application";
		};
		D511797B2EF58C6C001DF19E /* RaceRadarTests */ = {
			isa = PBXNativeTarget;
			buildConfigurationList = D51179932EF58C6C001DF19E /* Build configuration list for PBXNativeTarget "RaceRadarTests" */;
			buildPhases = (
				D51179782EF58C6C001DF19E /* Sources */,
				D51179792EF58C6C001DF19E /* Frameworks */,
				D511797A2EF58C6C001DF19E /* Resources */,
			);
			buildRules = (
			);
			dependencies = (
				D511797E2EF58C6C001DF19E /* PBXTargetDependency */,
			);
			fileSystemSynchronizedGroups = (
				D511797F2EF58C6C001DF19E /* RaceRadarTests */,
			);
			name = RaceRadarTests;
			packageProductDependencies = (
			);
			productName = RaceRadarTests;
			productReference = D511797C2EF58C6C001DF19E /* RaceRadarTests.xctest */;
			productType = "com.apple.product-type.bundle.unit-test";
		};
		D51179852EF58C6C001DF19E /* RaceRadarUITests */ = {
			isa = PBXNativeTarget;
			buildConfigurationList = D51179962EF58C6C001DF19E /* Build configuration list for PBXNativeTarget "RaceRadarUITests" */;
			buildPhases = (
				D51179822EF58C6C001DF19E /* Sources */,
				D51179832EF58C6C001DF19E /* Frameworks */,
				D51179842EF58C6C001DF19E /* Resources */,
			);
			buildRules = (
			);
			dependencies = (
				D51179882EF58C6C001DF19E /* PBXTargetDependency */,
			);
			fileSystemSynchronizedGroups = (
				D51179892EF58C6C001DF19E /* RaceRadarUITests */,
			);
			name = RaceRadarUITests;
			packageProductDependencies = (
			);
			productName = RaceRadarUITests;
			productReference = D51179862EF58C6C001DF19E /* RaceRadarUITests.xctest */;
			productType = "com.apple.product-type.bundle.ui-testing";
		};
/* End PBXNativeTarget section */

/* Begin PBXProject section */
		D51179672EF58C6A001DF19E /* Project object */ = {
			isa = PBXProject;
			attributes = {
				BuildIndependentTargetsInParallel = 1;
				LastSwiftUpdateCheck = 1630;
				LastUpgradeCheck = 1630;
				TargetAttributes = {
					D511796E2EF58C6A001DF19E = {
						CreatedOnToolsVersion = 16.3;
					};
					D511797B2EF58C6C001DF19E = {
						CreatedOnToolsVersion = 16.3;
						TestTargetID = D511796E2EF58C6A001DF19E;
					};
					D51179852EF58C6C001DF19E = {
						CreatedOnToolsVersion = 16.3;
						TestTargetID = D511796E2EF58C6A001DF19E;
					};
				};
			};
			buildConfigurationList = D511796A2EF58C6A001DF19E /* Build configuration list for PBXProject "RaceRadar" */;
			developmentRegion = en;
			hasScannedForEncodings = 0;
			knownRegions = (
				en,
				Base,
			);
			mainGroup = D51179662EF58C6A001DF19E;
			minimizedProjectReferenceProxies = 1;
			preferredProjectObjectVersion = 77;
			productRefGroup = D51179702EF58C6A001DF19E /* Products */;
			projectDirPath = "";
			projectRoot = "";
			targets = (
				D511796E2EF58C6A001DF19E /* RaceRadar */,
				D511797B2EF58C6C001DF19E /* RaceRadarTests */,
				D51179852EF58C6C001DF19E /* RaceRadarUITests */,
			);
		};
/* End PBXProject section */

/* Begin PBXResourcesBuildPhase section */
		D511796D2EF58C6A001DF19E /* Resources */ = {
			isa = PBXResourcesBuildPhase;
			buildActionMask = 2147483647;
			files = (
			);
			runOnlyForDeploymentPostprocessing = 0;
		};
		D511797A2EF58C6C001DF19E /* Resources */ = {
			isa = PBXResourcesBuildPhase;
			buildActionMask = 2147483647;
			files = (
			);
			runOnlyForDeploymentPostprocessing = 0;
		};
		D51179842EF58C6C001DF19E /* Resources */ = {
			isa = PBXResourcesBuildPhase;
			buildActionMask = 2147483647;
			files = (
			);
			runOnlyForDeploymentPostprocessing = 0;
		};
/* End PBXResourcesBuildPhase section */

/* Begin PBXSourcesBuildPhase section */
		D511796B2EF58C6A001DF19E /* Sources */ = {
			isa = PBXSourcesBuildPhase;
			buildActionMask = 2147483647;
			files = (
			);
			runOnlyForDeploymentPostprocessing = 0;
		};
		D51179782EF58C6C001DF19E /* Sources */ = {
			isa = PBXSourcesBuildPhase;
			buildActionMask = 2147483647;
			files = (
			);
			runOnlyForDeploymentPostprocessing = 0;
		};
		D51179822EF58C6C001DF19E /* Sources */ = {
			isa = PBXSourcesBuildPhase;
			buildActionMask = 2147483647;
			files = (
			);
			runOnlyForDeploymentPostprocessing = 0;
		};
/* End PBXSourcesBuildPhase section */

/* Begin PBXTargetDependency section */
		D511797E2EF58C6C001DF19E /* PBXTargetDependency */ = {
			isa = PBXTargetDependency;
			target = D511796E2EF58C6A001DF19E /* RaceRadar */;
			targetProxy = D511797D2EF58C6C001DF19E /* PBXContainerItemProxy */;
		};
		D51179882EF58C6C001DF19E /* PBXTargetDependency */ = {
			isa = PBXTargetDependency;
			target = D511796E2EF58C6A001DF19E /* RaceRadar */;
			targetProxy = D51179872EF58C6C001DF19E /* PBXContainerItemProxy */;
		};
/* End PBXTargetDependency section */

/* Begin XCBuildConfiguration section */
		D511798E2EF58C6C001DF19E /* Debug */ = {
			isa = XCBuildConfiguration;
			buildSettings = {
				ALWAYS_SEARCH_USER_PATHS = NO;
				ASSETCATALOG_COMPILER_GENERATE_SWIFT_ASSET_SYMBOL_EXTENSIONS = YES;
				CLANG_ANALYZER_NONNULL = YES;
				CLANG_ANALYZER_NUMBER_OBJECT_CONVERSION = YES_AGGRESSIVE;
				CLANG_CXX_LANGUAGE_STANDARD = "gnu++20";
				CLANG_ENABLE_MODULES = YES;
				CLANG_ENABLE_OBJC_ARC = YES;
				CLANG_ENABLE_OBJC_WEAK = YES;
				CLANG_WARN_BLOCK_CAPTURE_AUTORELEASING = YES;
				CLANG_WARN_BOOL_CONVERSION = YES;
				CLANG_WARN_COMMA = YES;
				CLANG_WARN_CONSTANT_CONVERSION = YES;
				CLANG_WARN_DEPRECATED_OBJC_IMPLEMENTATIONS = YES;
				CLANG_WARN_DIRECT_OBJC_ISA_USAGE = YES_ERROR;
				CLANG_WARN_DOCUMENTATION_COMMENTS = YES;
				CLANG_WARN_EMPTY_BODY = YES;
				CLANG_WARN_ENUM_CONVERSION = YES;
				CLANG_WARN_INFINITE_RECURSION = YES;
				CLANG_WARN_INT_CONVERSION = YES;
				CLANG_WARN_NON_LITERAL_NULL_CONVERSION = YES;
				CLANG_WARN_OBJC_IMPLICIT_RETAIN_SELF = YES;
				CLANG_WARN_OBJC_LITERAL_CONVERSION = YES;
				CLANG_WARN_OBJC_ROOT_CLASS = YES_ERROR;
				CLANG_WARN_QUOTED_INCLUDE_IN_FRAMEWORK_HEADER = YES;
				CLANG_WARN_RANGE_LOOP_ANALYSIS = YES;
				CLANG_WARN_STRICT_PROTOTYPES = YES;
				CLANG_WARN_SUSPICIOUS_MOVE = YES;
				CLANG_WARN_UNGUARDED_AVAILABILITY = YES_AGGRESSIVE;
				CLANG_WARN_UNREACHABLE_CODE = YES;
				CLANG_WARN__DUPLICATE_METHOD_MATCH = YES;
				COPY_PHASE_STRIP = NO;
				DEBUG_INFORMATION_FORMAT = dwarf;
				ENABLE_STRICT_OBJC_MSGSEND = YES;
				ENABLE_TESTABILITY = YES;
				ENABLE_USER_SCRIPT_SANDBOXING = YES;
				GCC_C_LANGUAGE_STANDARD = gnu17;
				GCC_DYNAMIC_NO_PIC = NO;
				GCC_NO_COMMON_BLOCKS = YES;
				GCC_OPTIMIZATION_LEVEL = 0;
				GCC_PREPROCESSOR_DEFINITIONS = (
					"DEBUG=1",
					"$(inherited)",
				);
				GCC_WARN_64_TO_32_BIT_CONVERSION = YES;
				GCC_WARN_ABOUT_RETURN_TYPE = YES_ERROR;
				GCC_WARN_UNDECLARED_SELECTOR = YES;
				GCC_WARN_UNINITIALIZED_AUTOS = YES_AGGRESSIVE;
				GCC_WARN_UNUSED_FUNCTION = YES;
				GCC_WARN_UNUSED_VARIABLE = YES;
				IPHONEOS_DEPLOYMENT_TARGET = 18.4;
				LOCALIZATION_PREFERS_STRING_CATALOGS = YES;
				MTL_ENABLE_DEBUG_INFO = INCLUDE_SOURCE;
				MTL_FAST_MATH = YES;
				ONLY_ACTIVE_ARCH = YES;
				SDKROOT = iphoneos;
				SWIFT_ACTIVE_COMPILATION_CONDITIONS = "DEBUG $(inherited)";
				SWIFT_OPTIMIZATION_LEVEL = "-Onone";
			};
			name = Debug;
		};
		D511798F2EF58C6C001DF19E /* Release */ = {
			isa = XCBuildConfiguration;
			buildSettings = {
				ALWAYS_SEARCH_USER_PATHS = NO;
				ASSETCATALOG_COMPILER_GENERATE_SWIFT_ASSET_SYMBOL_EXTENSIONS = YES;
				CLANG_ANALYZER_NONNULL = YES;
				CLANG_ANALYZER_NUMBER_OBJECT_CONVERSION = YES_AGGRESSIVE;
				CLANG_CXX_LANGUAGE_STANDARD = "gnu++20";
				CLANG_ENABLE_MODULES = YES;
				CLANG_ENABLE_OBJC_ARC = YES;
				CLANG_ENABLE_OBJC_WEAK = YES;
				CLANG_WARN_BLOCK_CAPTURE_AUTORELEASING = YES;
				CLANG_WARN_BOOL_CONVERSION = YES;
				CLANG_WARN_COMMA = YES;
				CLANG_WARN_CONSTANT_CONVERSION = YES;
				CLANG_WARN_DEPRECATED_OBJC_IMPLEMENTATIONS = YES;
				CLANG_WARN_DIRECT_OBJC_ISA_USAGE = YES_ERROR;
				CLANG_WARN_DOCUMENTATION_COMMENTS = YES;
				CLANG_WARN_EMPTY_BODY = YES;
				CLANG_WARN_ENUM_CONVERSION = YES;
				CLANG_WARN_INFINITE_RECURSION = YES;
				CLANG_WARN_INT_CONVERSION = YES;
				CLANG_WARN_NON_LITERAL_NULL_CONVERSION = YES;
				CLANG_WARN_OBJC_IMPLICIT_RETAIN_SELF = YES;
				CLANG_WARN_OBJC_LITERAL_CONVERSION = YES;
				CLANG_WARN_OBJC_ROOT_CLASS = YES_ERROR;
				CLANG_WARN_QUOTED_INCLUDE_IN_FRAMEWORK_HEADER = YES;
				CLANG_WARN_RANGE_LOOP_ANALYSIS = YES;
				CLANG_WARN_STRICT_PROTOTYPES = YES;
				CLANG_WARN_SUSPICIOUS_MOVE = YES;
				CLANG_WARN_UNGUARDED_AVAILABILITY = YES_AGGRESSIVE;
				CLANG_WARN_UNREACHABLE_CODE = YES;
				CLANG_WARN__DUPLICATE_METHOD_MATCH = YES;
				COPY_PHASE_STRIP = NO;
				DEBUG_INFORMATION_FORMAT = "dwarf-with-dsym";
				ENABLE_NS_ASSERTIONS = NO;
				ENABLE_STRICT_OBJC_MSGSEND = YES;
				ENABLE_USER_SCRIPT_SANDBOXING = YES;
				GCC_C_LANGUAGE_STANDARD = gnu17;
				GCC_NO_COMMON_BLOCKS = YES;
				GCC_WARN_64_TO_32_BIT_CONVERSION = YES;
				GCC_WARN_ABOUT_RETURN_TYPE = YES_ERROR;
				GCC_WARN_UNDECLARED_SELECTOR = YES;
				GCC_WARN_UNINITIALIZED_AUTOS = YES_AGGRESSIVE;
				GCC_WARN_UNUSED_FUNCTION = YES;
				GCC_WARN_UNUSED_VARIABLE = YES;
				IPHONEOS_DEPLOYMENT_TARGET = 18.4;
				LOCALIZATION_PREFERS_STRING_CATALOGS = YES;
				MTL_ENABLE_DEBUG_INFO = NO;
				MTL_FAST_MATH = YES;
				SDKROOT = iphoneos;
				SWIFT_COMPILATION_MODE = wholemodule;
				VALIDATE_PRODUCT = YES;
			};
			name = Release;
		};
		D51179912EF58C6C001DF19E /* Debug */ = {
			isa = XCBuildConfiguration;
			buildSettings = {
				ASSETCATALOG_COMPILER_APPICON_NAME = AppIcon;
				ASSETCATALOG_COMPILER_GLOBAL_ACCENT_COLOR_NAME = AccentColor;
				CODE_SIGN_STYLE = Automatic;
				CURRENT_PROJECT_VERSION = 1;
				ENABLE_PREVIEWS = YES;
				GENERATE_INFOPLIST_FILE = YES;
				INFOPLIST_KEY_UIApplicationSceneManifest_Generation = YES;
				INFOPLIST_KEY_UIApplicationSupportsIndirectInputEvents = YES;
				INFOPLIST_KEY_UILaunchScreen_Generation = YES;
				INFOPLIST_KEY_UISupportedInterfaceOrientations_iPad = "UIInterfaceOrientationPortrait UIInterfaceOrientationPortraitUpsideDown UIInterfaceOrientationLandscapeLeft UIInterfaceOrientationLandscapeRight";
				INFOPLIST_KEY_UISupportedInterfaceOrientations_iPhone = "UIInterfaceOrientationPortrait UIInterfaceOrientationLandscapeLeft UIInterfaceOrientationLandscapeRight";
				LD_RUNPATH_SEARCH_PATHS = (
					"$(inherited)",
					"@executable_path/Frameworks",
				);
				MARKETING_VERSION = 1.0;
				PRODUCT_BUNDLE_IDENTIFIER = "-.RaceRadar";
				PRODUCT_NAME = "$(TARGET_NAME)";
				SWIFT_EMIT_LOC_STRINGS = YES;
				SWIFT_VERSION = 5.0;
				TARGETED_DEVICE_FAMILY = "1,2";
			};
			name = Debug;
		};
		D51179922EF58C6C001DF19E /* Release */ = {
			isa = XCBuildConfiguration;
			buildSettings = {
				ASSETCATALOG_COMPILER_APPICON_NAME = AppIcon;
				ASSETCATALOG_COMPILER_GLOBAL_ACCENT_COLOR_NAME = AccentColor;
				CODE_SIGN_STYLE = Automatic;
				CURRENT_PROJECT_VERSION = 1;
				ENABLE_PREVIEWS = YES;
				GENERATE_INFOPLIST_FILE = YES;
				INFOPLIST_KEY_UIApplicationSceneManifest_Generation = YES;
				INFOPLIST_KEY_UIApplicationSupportsIndirectInputEvents = YES;
				INFOPLIST_KEY_UILaunchScreen_Generation = YES;
				INFOPLIST_KEY_UISupportedInterfaceOrientations_iPad = "UIInterfaceOrientationPortrait UIInterfaceOrientationPortraitUpsideDown UIInterfaceOrientationLandscapeLeft UIInterfaceOrientationLandscapeRight";
				INFOPLIST_KEY_UISupportedInterfaceOrientations_iPhone = "UIInterfaceOrientationPortrait UIInterfaceOrientationLandscapeLeft UIInterfaceOrientationLandscapeRight";
				LD_RUNPATH_SEARCH_PATHS = (
					"$(inherited)",
					"@executable_path/Frameworks",
				);
				MARKETING_VERSION = 1.0;
				PRODUCT_BUNDLE_IDENTIFIER = "-.RaceRadar";
				PRODUCT_NAME = "$(TARGET_NAME)";
				SWIFT_EMIT_LOC_STRINGS = YES;
				SWIFT_VERSION = 5.0;
				TARGETED_DEVICE_FAMILY = "1,2";
			};
			name = Release;
		};
		D51179942EF58C6C001DF19E /* Debug */ = {
			isa = XCBuildConfiguration;
			buildSettings = {
				BUNDLE_LOADER = "$(TEST_HOST)";
				CODE_SIGN_STYLE = Automatic;
				CURRENT_PROJECT_VERSION = 1;
				GENERATE_INFOPLIST_FILE = YES;
				IPHONEOS_DEPLOYMENT_TARGET = 18.4;
				MARKETING_VERSION = 1.0;
				PRODUCT_BUNDLE_IDENTIFIER = "-.RaceRadarTests";
				PRODUCT_NAME = "$(TARGET_NAME)";
				SWIFT_EMIT_LOC_STRINGS = NO;
				SWIFT_VERSION = 5.0;
				TARGETED_DEVICE_FAMILY = "1,2";
				TEST_HOST = "$(BUILT_PRODUCTS_DIR)/RaceRadar.app/$(BUNDLE_EXECUTABLE_FOLDER_PATH)/RaceRadar";
			};
			name = Debug;
		};
		D51179952EF58C6C001DF19E /* Release */ = {
			isa = XCBuildConfiguration;
			buildSettings = {
				BUNDLE_LOADER = "$(TEST_HOST)";
				CODE_SIGN_STYLE = Automatic;
				CURRENT_PROJECT_VERSION = 1;
				GENERATE_INFOPLIST_FILE = YES;
				IPHONEOS_DEPLOYMENT_TARGET = 18.4;
				MARKETING_VERSION = 1.0;
				PRODUCT_BUNDLE_IDENTIFIER = "-.RaceRadarTests";
				PRODUCT_NAME = "$(TARGET_NAME)";
				SWIFT_EMIT_LOC_STRINGS = NO;
				SWIFT_VERSION = 5.0;
				TARGETED_DEVICE_FAMILY = "1,2";
				TEST_HOST = "$(BUILT_PRODUCTS_DIR)/RaceRadar.app/$(BUNDLE_EXECUTABLE_FOLDER_PATH)/RaceRadar";
			};
			name = Release;
		};
		D51179972EF58C6C001DF19E /* Debug */ = {
			isa = XCBuildConfiguration;
			buildSettings = {
				CODE_SIGN_STYLE = Automatic;
				CURRENT_PROJECT_VERSION = 1;
				GENERATE_INFOPLIST_FILE = YES;
				MARKETING_VERSION = 1.0;
				PRODUCT_BUNDLE_IDENTIFIER = "-.RaceRadarUITests";
				PRODUCT_NAME = "$(TARGET_NAME)";
				SWIFT_EMIT_LOC_STRINGS = NO;
				SWIFT_VERSION = 5.0;
				TARGETED_DEVICE_FAMILY = "1,2";
				TEST_TARGET_NAME = RaceRadar;
			};
			name = Debug;
		};
		D51179982EF58C6C001DF19E /* Release */ = {
			isa = XCBuildConfiguration;
			buildSettings = {
				CODE_SIGN_STYLE = Automatic;
				CURRENT_PROJECT_VERSION = 1;
				GENERATE_INFOPLIST_FILE = YES;
				MARKETING_VERSION = 1.0;
				PRODUCT_BUNDLE_IDENTIFIER = "-.RaceRadarUITests";
				PRODUCT_NAME = "$(TARGET_NAME)";
				SWIFT_EMIT_LOC_STRINGS = NO;
				SWIFT_VERSION = 5.0;
				TARGETED_DEVICE_FAMILY = "1,2";
				TEST_TARGET_NAME = RaceRadar;
			};
			name = Release;
		};
/* End XCBuildConfiguration section */

/* Begin XCConfigurationList section */
		D511796A2EF58C6A001DF19E /* Build configuration list for PBXProject "RaceRadar" */ = {
			isa = XCConfigurationList;
			buildConfigurations = (
				D511798E2EF58C6C001DF19E /* Debug */,
				D511798F2EF58C6C001DF19E /* Release */,
			);
			defaultConfigurationIsVisible = 0;
			defaultConfigurationName = Release;
		};
		D51179902EF58C6C001DF19E /* Build configuration list for PBXNativeTarget "RaceRadar" */ = {
			isa = XCConfigurationList;
			buildConfigurations = (
				D51179912EF58C6C001DF19E /* Debug */,
				D51179922EF58C6C001DF19E /* Release */,
			);
			defaultConfigurationIsVisible = 0;
			defaultConfigurationName = Release;
		};
		D51179932EF58C6C001DF19E /* Build configuration list for PBXNativeTarget "RaceRadarTests" */ = {
			isa = XCConfigurationList;
			buildConfigurations = (
				D51179942EF58C6C001DF19E /* Debug */,
				D51179952EF58C6C001DF19E /* Release */,
			);
			defaultConfigurationIsVisible = 0;
			defaultConfigurationName = Release;
		};
		D51179962EF58C6C001DF19E /* Build configuration list for PBXNativeTarget "RaceRadarUITests" */ = {
			isa = XCConfigurationList;
			buildConfigurations = (
				D51179972EF58C6C001DF19E /* Debug */,
				D51179982EF58C6C001DF19E /* Release */,
			);
			defaultConfigurationIsVisible = 0;
			defaultConfigurationName = Release;
		};
/* End XCConfigurationList section */
	};
	rootObject = D51179672EF58C6A001DF19E /* Project object */;
}
